Microsoft Visual Studio Solution File, Format Version 12.00
# Visual Studio 15
VisualStudioVersion = 15.0.27130.2027
MinimumVisualStudioVersion = 15.0.26124.0
Project("{9A19103F-16F7-4668-BE54-9A1E7A4F7556}") = "Netpips", "Netpips\Netpips.csproj", "{537B1D57-8AD1-49A6-8EC3-E781253A06BF}"
EndProject
Project("{9A19103F-16F7-4668-BE54-9A1E7A4F7556}") = "Netpips.Tests", "Netpips.Tests\Netpips.Tests.csproj", "{D4D777E7-7F7F-4C4F-BEA7-9DEF873E4399}"
EndProject
Global
	GlobalSection(SolutionConfigurationPlatforms) = preSolution
		Debug (Production)|Any CPU = Debug (Production)|Any CPU
		Debug (Production)|x64 = Debug (Production)|x64
		Debug (Production)|x86 = Debug (Production)|x86
		Debug|Any CPU = Debug|Any CPU
		Debug|x64 = Debug|x64
		Debug|x86 = Debug|x86
		Release|Any CPU = Release|Any CPU
		Release|x64 = Release|x64
		Release|x86 = Release|x86
	EndGlobalSection
	GlobalSection(ProjectConfigurationPlatforms) = postSolution
		{537B1D57-8AD1-49A6-8EC3-E781253A06BF}.Debug (Production)|Any CPU.ActiveCfg = Debug|Any CPU
		{537B1D57-8AD1-49A6-8EC3-E781253A06BF}.Debug (Production)|Any CPU.Build.0 = Debug|Any CPU
		{537B1D57-8AD1-49A6-8EC3-E781253A06BF}.Debug (Production)|x64.ActiveCfg = Debug|Any CPU
		{537B1D57-8AD1-49A6-8EC3-E781253A06BF}.Debug (Production)|x64.Build.0 = Debug|Any CPU
		{537B1D57-8AD1-49A6-8EC3-E781253A06BF}.Debug (Production)|x86.ActiveCfg = Debug|Any CPU
		{537B1D57-8AD1-49A6-8EC3-E781253A06BF}.Debug (Production)|x86.Build.0 = Debug|Any CPU
		{537B1D57-8AD1-49A6-8EC3-E781253A06BF}.Debug|Any CPU.ActiveCfg = Debug|Any CPU
		{537B1D57-8AD1-49A6-8EC3-E781253A06BF}.Debug|Any CPU.Build.0 = Debug|Any CPU
		{537B1D57-8AD1-49A6-8EC3-E781253A06BF}.Debug|x64.ActiveCfg = Debug|Any CPU
		{537B1D57-8AD1-49A6-8EC3-E781253A06BF}.Debug|x64.Build.0 = Debug|Any CPU
		{537B1D57-8AD1-49A6-8EC3-E781253A06BF}.Debug|x86.ActiveCfg = Debug|Any CPU
		{537B1D57-8AD1-49A6-8EC3-E781253A06BF}.Debug|x86.Build.0 = Debug|Any CPU
		{537B1D57-8AD1-49A6-8EC3-E781253A06BF}.Release|Any CPU.ActiveCfg = Release|Any CPU
		{537B1D57-8AD1-49A6-8EC3-E781253A06BF}.Release|Any CPU.Build.0 = Release|Any CPU
		{537B1D57-8AD1-49A6-8EC3-E781253A06BF}.Release|x64.ActiveCfg = Release|Any CPU
		{537B1D57-8AD1-49A6-8EC3-E781253A06BF}.Release|x64.Build.0 = Release|Any CPU
		{537B1D57-8AD1-49A6-8EC3-E781253A06BF}.Release|x86.ActiveCfg = Release|Any CPU
		{537B1D57-8AD1-49A6-8EC3-E781253A06BF}.Release|x86.Build.0 = Release|Any CPU
		{D4D777E7-7F7F-4C4F-BEA7-9DEF873E4399}.Debug (Production)|Any CPU.ActiveCfg = Release|Any CPU
		{D4D777E7-7F7F-4C4F-BEA7-9DEF873E4399}.Debug (Production)|Any CPU.Build.0 = Release|Any CPU
		{D4D777E7-7F7F-4C4F-BEA7-9DEF873E4399}.Debug (Production)|x64.ActiveCfg = Debug|Any CPU
		{D4D777E7-7F7F-4C4F-BEA7-9DEF873E4399}.Debug (Production)|x64.Build.0 = Debug|Any CPU
		{D4D777E7-7F7F-4C4F-BEA7-9DEF873E4399}.Debug (Production)|x86.ActiveCfg = Debug|Any CPU
		{D4D777E7-7F7F-4C4F-BEA7-9DEF873E4399}.Debug (Production)|x86.Build.0 = Debug|Any CPU
		{D4D777E7-7F7F-4C4F-BEA7-9DEF873E4399}.Debug|Any CPU.ActiveCfg = Debug|Any CPU
		{D4D777E7-7F7F-4C4F-BEA7-9DEF873E4399}.Debug|Any CPU.Build.0 = Debug|Any CPU
		{D4D777E7-7F7F-4C4F-BEA7-9DEF873E4399}.Debug|x64.ActiveCfg = Debug|Any CPU
		{D4D777E7-7F7F-4C4F-BEA7-9DEF873E4399}.Debug|x64.Build.0 = Debug|Any CPU
		{D4D777E7-7F7F-4C4F-BEA7-9DEF873E4399}.Debug|x86.ActiveCfg = Debug|Any CPU
		{D4D777E7-7F7F-4C4F-BEA7-9DEF873E4399}.Debug|x86.Build.0 = Debug|Any CPU
		{D4D777E7-7F7F-4C4F-BEA7-9DEF873E4399}.Release|Any CPU.ActiveCfg = Release|Any CPU
		{D4D777E7-7F7F-4C4F-BEA7-9DEF873E4399}.Release|Any CPU.Build.0 = Release|Any CPU
		{D4D777E7-7F7F-4C4F-BEA7-9DEF873E4399}.Release|x64.ActiveCfg = Release|Any CPU
		{D4D777E7-7F7F-4C4F-BEA7-9DEF873E4399}.Release|x64.Build.0 = Release|Any CPU
		{D4D777E7-7F7F-4C4F-BEA7-9DEF873E4399}.Release|x86.ActiveCfg = Release|Any CPU
		{D4D777E7-7F7F-4C4F-BEA7-9DEF873E4399}.Release|x86.Build.0 = Release|Any CPU
	EndGlobalSection
	GlobalSection(SolutionProperties) = preSolution
		HideSolutionNode = FALSE
	EndGlobalSection
	GlobalSection(ExtensibilityGlobals) = postSolution
		SolutionGuid = {9EF7BDE7-065B-4409-89F0-923EA4DEC496}
	EndGlobalSection
EndGlobal
